
Microsoft Visual Studio Solution File, Format Version 12.00
# Visual Studio Version 17
VisualStudioVersion = 17.0.32126.317
MinimumVisualStudioVersion = 10.0.40219.1
Project("{FAE04EC0-301F-11D3-BF4B-00C04F79EFBC}") = "Tugas Week 2", "Tugas Week 2\Tugas Week 2.csproj", "{26BAA2F6-B9DF-451A-BE2B-2C52183E19A6}"
EndProject
Global
	GlobalSection(SolutionConfigurationPlatforms) = preSolution
		Debug|Any CPU = Debug|Any CPU
		Release|Any CPU = Release|Any CPU
	EndGlobalSection
	GlobalSection(ProjectConfigurationPlatforms) = postSolution
		{26BAA2F6-B9DF-451A-BE2B-2C52183E19A6}.Debug|Any CPU.ActiveCfg = Debug|Any CPU
		{26BAA2F6-B9DF-451A-BE2B-2C52183E19A6}.Debug|Any CPU.Build.0 = Debug|Any CPU
		{26BAA2F6-B9DF-451A-BE2B-2C52183E19A6}.Release|Any CPU.ActiveCfg = Release|Any CPU
		{26BAA2F6-B9DF-451A-BE2B-2C52183E19A6}.Release|Any CPU.Build.0 = Release|Any CPU
	EndGlobalSection
	GlobalSection(SolutionProperties) = preSolution
		HideSolutionNode = FALSE
	EndGlobalSection
	GlobalSection(ExtensibilityGlobals) = postSolution
		SolutionGuid = {03EEB42F-01D9-41CB-B5C4-5C3A45ECD9D2}
	EndGlobalSection
EndGlobal
